
Microsoft Visual Studio Solution File, Format Version 12.00
# Visual Studio Version 16
VisualStudioVersion = 16.0.29306.81
MinimumVisualStudioVersion = 10.0.40219.1
Project("{8BC9CEB8-8B4A-11D0-8D11-00A0C91BC942}") = "2949", "2949\2949.vcxproj", "{AF709F40-3D8E-4939-9B99-2AC11D21179A}"
EndProject
Global
	GlobalSection(SolutionConfigurationPlatforms) = preSolution
		Debug|x64 = Debug|x64
		Debug|x86 = Debug|x86
		Release|x64 = Release|x64
		Release|x86 = Release|x86
	EndGlobalSection
	GlobalSection(ProjectConfigurationPlatforms) = postSolution
		{AF709F40-3D8E-4939-9B99-2AC11D21179A}.Debug|x64.ActiveCfg = Debug|x64
		{AF709F40-3D8E-4939-9B99-2AC11D21179A}.Debug|x64.Build.0 = Debug|x64
		{AF709F40-3D8E-4939-9B99-2AC11D21179A}.Debug|x86.ActiveCfg = Debug|Win32
		{AF709F40-3D8E-4939-9B99-2AC11D21179A}.Debug|x86.Build.0 = Debug|Win32
		{AF709F40-3D8E-4939-9B99-2AC11D21179A}.Release|x64.ActiveCfg = Release|x64
		{AF709F40-3D8E-4939-9B99-2AC11D21179A}.Release|x64.Build.0 = Release|x64
		{AF709F40-3D8E-4939-9B99-2AC11D21179A}.Release|x86.ActiveCfg = Release|Win32
		{AF709F40-3D8E-4939-9B99-2AC11D21179A}.Release|x86.Build.0 = Release|Win32
	EndGlobalSection
	GlobalSection(SolutionProperties) = preSolution
		HideSolutionNode = FALSE
	EndGlobalSection
	GlobalSection(ExtensibilityGlobals) = postSolution
		SolutionGuid = {5B73EF06-7515-46B1-98F8-F4C61806C152}
	EndGlobalSection
EndGlobal
